
Microsoft Visual Studio Solution File, Format Version 12.00
# Visual Studio Version 17
VisualStudioVersion = 17.8.34309.116
MinimumVisualStudioVersion = 10.0.40219.1
Project("{FAE04EC0-301F-11D3-BF4B-00C04F79EFBC}") = "22.11 практика задание 8", "22.11 практика задание 8\22.11 практика задание 8.csproj", "{A9931436-2F2F-4622-828D-5F350B7401B7}"
EndProject
Global
	GlobalSection(SolutionConfigurationPlatforms) = preSolution
		Debug|Any CPU = Debug|Any CPU
		Release|Any CPU = Release|Any CPU
	EndGlobalSection
	GlobalSection(ProjectConfigurationPlatforms) = postSolution
		{A9931436-2F2F-4622-828D-5F350B7401B7}.Debug|Any CPU.ActiveCfg = Debug|Any CPU
		{A9931436-2F2F-4622-828D-5F350B7401B7}.Debug|Any CPU.Build.0 = Debug|Any CPU
		{A9931436-2F2F-4622-828D-5F350B7401B7}.Release|Any CPU.ActiveCfg = Release|Any CPU
		{A9931436-2F2F-4622-828D-5F350B7401B7}.Release|Any CPU.Build.0 = Release|Any CPU
	EndGlobalSection
	GlobalSection(SolutionProperties) = preSolution
		HideSolutionNode = FALSE
	EndGlobalSection
	GlobalSection(ExtensibilityGlobals) = postSolution
		SolutionGuid = {12600FD4-67EA-48E2-9572-B92E30788A47}
	EndGlobalSection
EndGlobal
